
Microsoft Visual Studio Solution File, Format Version 12.00
# Visual Studio Version 17
VisualStudioVersion = 17.3.32811.315
MinimumVisualStudioVersion = 10.0.40219.1
Project("{8BC9CEB8-8B4A-11D0-8D11-00A0C91BC942}") = "DirectXTex", "lib\DirectXTex\DirectXTex_Desktop_2019_Win10.vcxproj", "{371B9FA9-4C90-4AC6-A123-ACED756D6C77}"
EndProject
Project("{8BC9CEB8-8B4A-11D0-8D11-00A0C91BC942}") = "GLTFSDK", "lib\glTF-SDK-master\GLTFSDK\GLTFSDK.vcxproj", "{F656C078-7F2A-4753-9B92-5E959AF80E26}"
EndProject
Project("{8BC9CEB8-8B4A-11D0-8D11-00A0C91BC942}") = "V.I.P.SLOT", "V.I.P.SLOT.vcxproj", "{946500D3-23DE-4008-8BB9-E39A9D7397D7}"
EndProject
Global
	GlobalSection(SolutionConfigurationPlatforms) = preSolution
		Debug|ARM = Debug|ARM
		Debug|ARM64 = Debug|ARM64
		Debug|x64 = Debug|x64
		Debug|x86 = Debug|x86
		Profile|ARM = Profile|ARM
		Profile|ARM64 = Profile|ARM64
		Profile|x64 = Profile|x64
		Profile|x86 = Profile|x86
		Release|ARM = Release|ARM
		Release|ARM64 = Release|ARM64
		Release|x64 = Release|x64
		Release|x86 = Release|x86
	EndGlobalSection
	GlobalSection(ProjectConfigurationPlatforms) = postSolution
		{371B9FA9-4C90-4AC6-A123-ACED756D6C77}.Debug|ARM.ActiveCfg = Debug|Win32
		{371B9FA9-4C90-4AC6-A123-ACED756D6C77}.Debug|ARM64.ActiveCfg = Debug|ARM64
		{371B9FA9-4C90-4AC6-A123-ACED756D6C77}.Debug|ARM64.Build.0 = Debug|ARM64
		{371B9FA9-4C90-4AC6-A123-ACED756D6C77}.Debug|x64.ActiveCfg = Debug|x64
		{371B9FA9-4C90-4AC6-A123-ACED756D6C77}.Debug|x64.Build.0 = Debug|x64
		{371B9FA9-4C90-4AC6-A123-ACED756D6C77}.Debug|x86.ActiveCfg = Debug|Win32
		{371B9FA9-4C90-4AC6-A123-ACED756D6C77}.Debug|x86.Build.0 = Debug|Win32
		{371B9FA9-4C90-4AC6-A123-ACED756D6C77}.Profile|ARM.ActiveCfg = Profile|Win32
		{371B9FA9-4C90-4AC6-A123-ACED756D6C77}.Profile|ARM64.ActiveCfg = Profile|ARM64
		{371B9FA9-4C90-4AC6-A123-ACED756D6C77}.Profile|ARM64.Build.0 = Profile|ARM64
		{371B9FA9-4C90-4AC6-A123-ACED756D6C77}.Profile|x64.ActiveCfg = Profile|x64
		{371B9FA9-4C90-4AC6-A123-ACED756D6C77}.Profile|x64.Build.0 = Profile|x64
		{371B9FA9-4C90-4AC6-A123-ACED756D6C77}.Profile|x86.ActiveCfg = Profile|Win32
		{371B9FA9-4C90-4AC6-A123-ACED756D6C77}.Profile|x86.Build.0 = Profile|Win32
		{371B9FA9-4C90-4AC6-A123-ACED756D6C77}.Release|ARM.ActiveCfg = Release|Win32
		{371B9FA9-4C90-4AC6-A123-ACED756D6C77}.Release|ARM64.ActiveCfg = Release|ARM64
		{371B9FA9-4C90-4AC6-A123-ACED756D6C77}.Release|ARM64.Build.0 = Release|ARM64
		{371B9FA9-4C90-4AC6-A123-ACED756D6C77}.Release|x64.ActiveCfg = Release|x64
		{371B9FA9-4C90-4AC6-A123-ACED756D6C77}.Release|x64.Build.0 = Release|x64
		{371B9FA9-4C90-4AC6-A123-ACED756D6C77}.Release|x86.ActiveCfg = Release|Win32
		{371B9FA9-4C90-4AC6-A123-ACED756D6C77}.Release|x86.Build.0 = Release|Win32
		{F656C078-7F2A-4753-9B92-5E959AF80E26}.Debug|ARM.ActiveCfg = Debug|ARM
		{F656C078-7F2A-4753-9B92-5E959AF80E26}.Debug|ARM.Build.0 = Debug|ARM
		{F656C078-7F2A-4753-9B92-5E959AF80E26}.Debug|ARM64.ActiveCfg = Debug|ARM64
		{F656C078-7F2A-4753-9B92-5E959AF80E26}.Debug|ARM64.Build.0 = Debug|ARM64
		{F656C078-7F2A-4753-9B92-5E959AF80E26}.Debug|x64.ActiveCfg = Debug|x64
		{F656C078-7F2A-4753-9B92-5E959AF80E26}.Debug|x64.Build.0 = Debug|x64
		{F656C078-7F2A-4753-9B92-5E959AF80E26}.Debug|x86.ActiveCfg = Debug|Win32
		{F656C078-7F2A-4753-9B92-5E959AF80E26}.Debug|x86.Build.0 = Debug|Win32
		{F656C078-7F2A-4753-9B92-5E959AF80E26}.Profile|ARM.ActiveCfg = Debug|ARM
		{F656C078-7F2A-4753-9B92-5E959AF80E26}.Profile|ARM.Build.0 = Debug|ARM
		{F656C078-7F2A-4753-9B92-5E959AF80E26}.Profile|ARM64.ActiveCfg = Debug|ARM64
		{F656C078-7F2A-4753-9B92-5E959AF80E26}.Profile|ARM64.Build.0 = Debug|ARM64
		{F656C078-7F2A-4753-9B92-5E959AF80E26}.Profile|x64.ActiveCfg = Debug|x64
		{F656C078-7F2A-4753-9B92-5E959AF80E26}.Profile|x64.Build.0 = Debug|x64
		{F656C078-7F2A-4753-9B92-5E959AF80E26}.Profile|x86.ActiveCfg = Debug|Win32
		{F656C078-7F2A-4753-9B92-5E959AF80E26}.Profile|x86.Build.0 = Debug|Win32
		{F656C078-7F2A-4753-9B92-5E959AF80E26}.Release|ARM.ActiveCfg = Release|ARM
		{F656C078-7F2A-4753-9B92-5E959AF80E26}.Release|ARM.Build.0 = Release|ARM
		{F656C078-7F2A-4753-9B92-5E959AF80E26}.Release|ARM64.ActiveCfg = Release|ARM64
		{F656C078-7F2A-4753-9B92-5E959AF80E26}.Release|ARM64.Build.0 = Release|ARM64
		{F656C078-7F2A-4753-9B92-5E959AF80E26}.Release|x64.ActiveCfg = Release|x64
		{F656C078-7F2A-4753-9B92-5E959AF80E26}.Release|x64.Build.0 = Release|x64
		{F656C078-7F2A-4753-9B92-5E959AF80E26}.Release|x86.ActiveCfg = Release|Win32
		{F656C078-7F2A-4753-9B92-5E959AF80E26}.Release|x86.Build.0 = Release|Win32
		{946500D3-23DE-4008-8BB9-E39A9D7397D7}.Debug|ARM.ActiveCfg = Debug|x64
		{946500D3-23DE-4008-8BB9-E39A9D7397D7}.Debug|ARM.Build.0 = Debug|x64
		{946500D3-23DE-4008-8BB9-E39A9D7397D7}.Debug|ARM64.ActiveCfg = Debug|x64
		{946500D3-23DE-4008-8BB9-E39A9D7397D7}.Debug|ARM64.Build.0 = Debug|x64
		{946500D3-23DE-4008-8BB9-E39A9D7397D7}.Debug|x64.ActiveCfg = Debug|x64
		{946500D3-23DE-4008-8BB9-E39A9D7397D7}.Debug|x64.Build.0 = Debug|x64
		{946500D3-23DE-4008-8BB9-E39A9D7397D7}.Debug|x86.ActiveCfg = Debug|Win32
		{946500D3-23DE-4008-8BB9-E39A9D7397D7}.Debug|x86.Build.0 = Debug|Win32
		{946500D3-23DE-4008-8BB9-E39A9D7397D7}.Profile|ARM.ActiveCfg = Debug|x64
		{946500D3-23DE-4008-8BB9-E39A9D7397D7}.Profile|ARM.Build.0 = Debug|x64
		{946500D3-23DE-4008-8BB9-E39A9D7397D7}.Profile|ARM64.ActiveCfg = Debug|x64
		{946500D3-23DE-4008-8BB9-E39A9D7397D7}.Profile|ARM64.Build.0 = Debug|x64
		{946500D3-23DE-4008-8BB9-E39A9D7397D7}.Profile|x64.ActiveCfg = Debug|x64
		{946500D3-23DE-4008-8BB9-E39A9D7397D7}.Profile|x64.Build.0 = Debug|x64
		{946500D3-23DE-4008-8BB9-E39A9D7397D7}.Profile|x86.ActiveCfg = Debug|Win32
		{946500D3-23DE-4008-8BB9-E39A9D7397D7}.Profile|x86.Build.0 = Debug|Win32
		{946500D3-23DE-4008-8BB9-E39A9D7397D7}.Release|ARM.ActiveCfg = Release|x64
		{946500D3-23DE-4008-8BB9-E39A9D7397D7}.Release|ARM.Build.0 = Release|x64
		{946500D3-23DE-4008-8BB9-E39A9D7397D7}.Release|ARM64.ActiveCfg = Release|x64
		{946500D3-23DE-4008-8BB9-E39A9D7397D7}.Release|ARM64.Build.0 = Release|x64
		{946500D3-23DE-4008-8BB9-E39A9D7397D7}.Release|x64.ActiveCfg = Release|x64
		{946500D3-23DE-4008-8BB9-E39A9D7397D7}.Release|x64.Build.0 = Release|x64
		{946500D3-23DE-4008-8BB9-E39A9D7397D7}.Release|x86.ActiveCfg = Release|Win32
		{946500D3-23DE-4008-8BB9-E39A9D7397D7}.Release|x86.Build.0 = Release|Win32
	EndGlobalSection
	GlobalSection(SolutionProperties) = preSolution
		HideSolutionNode = FALSE
	EndGlobalSection
	GlobalSection(ExtensibilityGlobals) = postSolution
		SolutionGuid = {2BDF7619-2691-4C70-BC81-D19821D3FE38}
	EndGlobalSection
	GlobalSection(SharedMSBuildProjectFiles) = preSolution
		lib\glTF-SDK-master\GLTFSDK.Shared.CPP\GLTFSDK.Shared.CPP.vcxitems*{f656c078-7f2a-4753-9b92-5e959af80e26}*SharedItemsImports = 4
	EndGlobalSection
EndGlobal
