<?xml version="1.0" encoding="utf-8"?>
<Project ToolsVersion="4.0" xmlns="http://schemas.microsoft.com/developer/msbuild/2003">
  <ItemGroup>
    <Filter Include="src">
      <UniqueIdentifier>{4FC737F1-C7A5-4376-A066-2A32D752A2FF}</UniqueIdentifier>
      <Extensions>cpp;c;cc;cxx;c++;cppm;ixx;def;odl;idl;hpj;bat;asm;asmx</Extensions>
    </Filter>
    <Filter Include="src\engine">
      <UniqueIdentifier>{c84cff0a-59e8-439f-9d34-222becdf7dbe}</UniqueIdentifier>
    </Filter>
    <Filter Include="src\user">
      <UniqueIdentifier>{ac3a9ea1-874d-4c83-bf0d-3781a960ac96}</UniqueIdentifier>
    </Filter>
    <Filter Include="src\engine\DirectX12">
      <UniqueIdentifier>{4dc47835-09dc-4c90-8c2b-97b0e58409e6}</UniqueIdentifier>
    </Filter>
    <Filter Include="src\engine\レンダリング関連">
      <UniqueIdentifier>{e46dec56-12ef-4ed4-b051-0270c6e7dea5}</UniqueIdentifier>
    </Filter>
    <Filter Include="src\engine\レンダリング関連\レンダーオブジェクト">
      <UniqueIdentifier>{11ddb2fc-a5de-4366-85ad-a8e3cd32d25f}</UniqueIdentifier>
    </Filter>
    <Filter Include="src\engine\フレームワーク">
      <UniqueIdentifier>{90d4922c-e31e-4dee-85e0-5aceeb1b6122}</UniqueIdentifier>
    </Filter>
    <Filter Include="src\engine\ユーザー向け">
      <UniqueIdentifier>{d5941fa1-02c3-4396-8935-0181850814db}</UniqueIdentifier>
    </Filter>
    <Filter Include="src\engine\ユーザー向け\ポストエフェクト">
      <UniqueIdentifier>{1bb4082e-ad0a-447d-b3bd-a8f00378aba8}</UniqueIdentifier>
    </Filter>
    <Filter Include="src\engine\ユーザー向け\描画便利関数">
      <UniqueIdentifier>{24e31f9a-3841-4dc4-8c6f-2b15cb19272d}</UniqueIdentifier>
    </Filter>
    <Filter Include="src\engine\ユーザー向け\オブジェクト">
      <UniqueIdentifier>{63bc4656-e658-44ac-b8ed-c7a462ff2777}</UniqueIdentifier>
    </Filter>
    <Filter Include="imgui">
      <UniqueIdentifier>{8dc21eff-3c37-4119-a7aa-a07727421c2c}</UniqueIdentifier>
    </Filter>
    <Filter Include="src\engine\Common">
      <UniqueIdentifier>{a66f41a3-d42e-4a16-a425-39d39e8adf59}</UniqueIdentifier>
    </Filter>
    <Filter Include="src\engine\フレームワーク\情報コンテナ">
      <UniqueIdentifier>{3da35daa-08bb-412b-8b95-d224aed07948}</UniqueIdentifier>
    </Filter>
    <Filter Include="src\engine\レンダリング関連\レンダーオブジェクト\モデル情報">
      <UniqueIdentifier>{ced67440-38b0-45dc-9875-27b908e6ea87}</UniqueIdentifier>
    </Filter>
    <Filter Include="src\engine\ユーザー向け\描画便利関数\2D">
      <UniqueIdentifier>{ca1d5c1d-9c33-475a-a207-5e66075379b1}</UniqueIdentifier>
    </Filter>
    <Filter Include="src\engine\ユーザー向け\描画便利関数\3D">
      <UniqueIdentifier>{bddd62d1-87a7-45ad-8b69-4b236fb1e99e}</UniqueIdentifier>
    </Filter>
    <Filter Include="src\user\Player">
      <UniqueIdentifier>{1237bb64-b81f-41f2-a355-86e653f84da1}</UniqueIdentifier>
    </Filter>
    <Filter Include="src\user\Game">
      <UniqueIdentifier>{498d1364-9bd0-40b4-bd1d-98daa3ac4ca2}</UniqueIdentifier>
    </Filter>
    <Filter Include="src\engine\ユーザー向け\Collision">
      <UniqueIdentifier>{226ed961-4357-402e-b741-74cace9cdbe6}</UniqueIdentifier>
    </Filter>
    <Filter Include="magic_enum">
      <UniqueIdentifier>{d1bfd7f6-cf1e-46ca-93cb-22664d23c726}</UniqueIdentifier>
    </Filter>
    <Filter Include="src\engine\ユーザー向け\描画便利関数\BillBoard">
      <UniqueIdentifier>{fb5340b6-4544-4095-861b-872acfba3b96}</UniqueIdentifier>
    </Filter>
    <Filter Include="dxcompiler">
      <UniqueIdentifier>{a8455d30-a8a2-4533-b4e7-d426564b0614}</UniqueIdentifier>
    </Filter>
    <Filter Include="src\user\Scene">
      <UniqueIdentifier>{df5b8cbe-7f20-40ad-a5a4-531e61397f08}</UniqueIdentifier>
    </Filter>
    <Filter Include="src\user\Slot">
      <UniqueIdentifier>{3091ca29-979c-40e8-826a-b2a7991154d0}</UniqueIdentifier>
    </Filter>
    <Filter Include="src\user\Slot\Pattern">
      <UniqueIdentifier>{0ab9c53f-16d1-422f-ba07-af3ab35a9d2e}</UniqueIdentifier>
    </Filter>
    <Filter Include="src\user\Coin">
      <UniqueIdentifier>{898a6f98-4c9f-4013-b12c-29daeb09858b}</UniqueIdentifier>
    </Filter>
    <Filter Include="src\user\GameObject">
      <UniqueIdentifier>{f5ff9f17-0c33-43fa-80dd-82a1da31c6de}</UniqueIdentifier>
    </Filter>
    <Filter Include="src\user\Stage">
      <UniqueIdentifier>{6477cd29-1f1f-40ff-ae03-d27465c6f341}</UniqueIdentifier>
    </Filter>
    <Filter Include="src\user\Title">
      <UniqueIdentifier>{e520173b-3797-42b5-a990-955302011a5b}</UniqueIdentifier>
    </Filter>
    <Filter Include="src\user\Enemy">
      <UniqueIdentifier>{d785b970-812f-48c2-9c83-ed8247c39f48}</UniqueIdentifier>
    </Filter>
  </ItemGroup>
  <ItemGroup>
    <ClCompile Include="src\engine\D3D12App.cpp">
      <Filter>src\engine\DirectX12</Filter>
    </ClCompile>
    <ClCompile Include="src\engine\D3D12Data.cpp">
      <Filter>src\engine\DirectX12</Filter>
    </ClCompile>
    <ClCompile Include="src\engine\DescriptorHeap.cpp">
      <Filter>src\engine\DirectX12</Filter>
    </ClCompile>
    <ClCompile Include="src\engine\Swapchain.cpp">
      <Filter>src\engine\DirectX12</Filter>
    </ClCompile>
    <ClCompile Include="src\engine\GraphicsManager.cpp">
      <Filter>src\engine\レンダリング関連</Filter>
    </ClCompile>
    <ClCompile Include="src\engine\LightManager.cpp">
      <Filter>src\engine\レンダリング関連\レンダーオブジェクト</Filter>
    </ClCompile>
    <ClCompile Include="src\engine\SpriteMesh.cpp">
      <Filter>src\engine\レンダリング関連\レンダーオブジェクト</Filter>
    </ClCompile>
    <ClCompile Include="src\engine\AudioApp.cpp">
      <Filter>src\engine\フレームワーク</Filter>
    </ClCompile>
    <ClCompile Include="src\engine\Fps.cpp">
      <Filter>src\engine\フレームワーク</Filter>
    </ClCompile>
    <ClCompile Include="src\engine\ImguiApp.cpp">
      <Filter>src\engine\フレームワーク</Filter>
    </ClCompile>
    <ClCompile Include="src\engine\UsersInput.cpp">
      <Filter>src\engine\フレームワーク</Filter>
    </ClCompile>
    <ClCompile Include="src\engine\WinApp.cpp">
      <Filter>src\engine\フレームワーク</Filter>
    </ClCompile>
    <ClCompile Include="src\engine\KuroEngine.cpp">
      <Filter>src\engine</Filter>
    </ClCompile>
    <ClCompile Include="src\engine\GaussianBlur.cpp">
      <Filter>src\engine\ユーザー向け\ポストエフェクト</Filter>
    </ClCompile>
    <ClCompile Include="src\engine\Sprite.cpp">
      <Filter>src\engine\ユーザー向け\オブジェクト</Filter>
    </ClCompile>
    <ClCompile Include="src\engine\Sprite_Shadow.cpp">
      <Filter>src\engine\ユーザー向け\オブジェクト</Filter>
    </ClCompile>
    <ClCompile Include="lib\imgui\imgui.cpp">
      <Filter>imgui</Filter>
    </ClCompile>
    <ClCompile Include="lib\imgui\imgui_demo.cpp">
      <Filter>imgui</Filter>
    </ClCompile>
    <ClCompile Include="lib\imgui\imgui_draw.cpp">
      <Filter>imgui</Filter>
    </ClCompile>
    <ClCompile Include="lib\imgui\imgui_impl_dx12.cpp">
      <Filter>imgui</Filter>
    </ClCompile>
    <ClCompile Include="lib\imgui\imgui_impl_win32.cpp">
      <Filter>imgui</Filter>
    </ClCompile>
    <ClCompile Include="lib\imgui\imgui_tables.cpp">
      <Filter>imgui</Filter>
    </ClCompile>
    <ClCompile Include="lib\imgui\imgui_widgets.cpp">
      <Filter>imgui</Filter>
    </ClCompile>
    <ClCompile Include="src\engine\Common\KuroFunc.cpp">
      <Filter>src\engine\Common</Filter>
    </ClCompile>
    <ClCompile Include="src\engine\Common\KuroMath.cpp">
      <Filter>src\engine\Common</Filter>
    </ClCompile>
    <ClCompile Include="src\engine\Common\Primitive.cpp">
      <Filter>src\engine\Common</Filter>
    </ClCompile>
    <ClCompile Include="src\engine\Common\Subject.cpp">
      <Filter>src\engine\Common</Filter>
    </ClCompile>
    <ClCompile Include="src\engine\Common\Transform.cpp">
      <Filter>src\engine\Common</Filter>
    </ClCompile>
    <ClCompile Include="src\engine\Common\Transform2D.cpp">
      <Filter>src\engine\Common</Filter>
    </ClCompile>
    <ClCompile Include="src\engine\Model.cpp">
      <Filter>src\engine\ユーザー向け\オブジェクト</Filter>
    </ClCompile>
    <ClCompile Include="src\engine\Importer.cpp">
      <Filter>src\engine\フレームワーク</Filter>
    </ClCompile>
    <ClCompile Include="src\engine\Material.cpp">
      <Filter>src\engine\レンダリング関連\レンダーオブジェクト\モデル情報</Filter>
    </ClCompile>
    <ClCompile Include="src\engine\Skeleton.cpp">
      <Filter>src\engine\レンダリング関連\レンダーオブジェクト\モデル情報</Filter>
    </ClCompile>
    <ClCompile Include="src\engine\ModelMesh.cpp">
      <Filter>src\engine\レンダリング関連\レンダーオブジェクト\モデル情報</Filter>
    </ClCompile>
    <ClCompile Include="src\engine\DrawFunc2D_Color.cpp">
      <Filter>src\engine\ユーザー向け\描画便利関数\2D</Filter>
    </ClCompile>
    <ClCompile Include="src\engine\DrawFunc2D.cpp">
      <Filter>src\engine\ユーザー向け\描画便利関数\2D</Filter>
    </ClCompile>
    <ClCompile Include="src\engine\DrawFunc2D_FillTex.cpp">
      <Filter>src\engine\ユーザー向け\描画便利関数\2D</Filter>
    </ClCompile>
    <ClCompile Include="src\engine\DrawFunc2D_Mask.cpp">
      <Filter>src\engine\ユーザー向け\描画便利関数\2D</Filter>
    </ClCompile>
    <ClCompile Include="src\engine\DrawFunc2D_Shadow.cpp">
      <Filter>src\engine\ユーザー向け\描画便利関数\2D</Filter>
    </ClCompile>
    <ClCompile Include="src\engine\DrawFunc3D.cpp">
      <Filter>src\engine\ユーザー向け\描画便利関数\3D</Filter>
    </ClCompile>
    <ClCompile Include="src\engine\Camera.cpp">
      <Filter>src\engine\レンダリング関連\レンダーオブジェクト</Filter>
    </ClCompile>
    <ClCompile Include="src\engine\DebugCamera.cpp">
      <Filter>src\engine\ユーザー向け</Filter>
    </ClCompile>
    <ClCompile Include="src\engine\Light.cpp">
      <Filter>src\engine\レンダリング関連\レンダーオブジェクト</Filter>
    </ClCompile>
    <ClCompile Include="src\engine\CubeMap.cpp">
      <Filter>src\engine\レンダリング関連</Filter>
    </ClCompile>
    <ClCompile Include="src\engine\ShadowMapDevice.cpp">
      <Filter>src\engine\レンダリング関連</Filter>
    </ClCompile>
    <ClCompile Include="src\engine\Object.cpp">
      <Filter>src\engine\ユーザー向け\オブジェクト</Filter>
    </ClCompile>
    <ClCompile Include="src\engine\ModelAnimator.cpp">
      <Filter>src\engine\レンダリング関連\レンダーオブジェクト\モデル情報</Filter>
    </ClCompile>
    <ClCompile Include="src\engine\Collider.cpp">
      <Filter>src\engine\ユーザー向け\Collision</Filter>
    </ClCompile>
    <ClCompile Include="src\engine\Collision.cpp">
      <Filter>src\engine\ユーザー向け\Collision</Filter>
    </ClCompile>
    <ClCompile Include="src\engine\ImguiDebugInterface.cpp">
      <Filter>src\engine\ユーザー向け</Filter>
    </ClCompile>
    <ClCompile Include="src\engine\LightBloomDevice.cpp">
      <Filter>src\engine\レンダリング関連</Filter>
    </ClCompile>
    <ClCompile Include="src\user\BasicDraw.cpp">
      <Filter>src\user</Filter>
    </ClCompile>
    <ClCompile Include="src\engine\DOF.cpp">
      <Filter>src\engine\レンダリング関連</Filter>
    </ClCompile>
    <ClCompile Include="src\engine\DrawFuncBillBoard.cpp">
      <Filter>src\engine\ユーザー向け\描画便利関数\BillBoard</Filter>
    </ClCompile>
    <ClCompile Include="src\engine\main.cpp">
      <Filter>src</Filter>
    </ClCompile>
    <ClCompile Include="src\user\Player.cpp">
      <Filter>src\user\Player</Filter>
    </ClCompile>
    <ClCompile Include="src\user\RenderTargetManager.cpp">
      <Filter>src\user</Filter>
    </ClCompile>
    <ClCompile Include="src\user\InGameScene.cpp">
      <Filter>src\user\Scene</Filter>
    </ClCompile>
    <ClCompile Include="src\user\TitleScene.cpp">
      <Filter>src\user\Scene</Filter>
    </ClCompile>
    <ClCompile Include="src\user\GameCamera.cpp">
      <Filter>src\user\Game</Filter>
    </ClCompile>
    <ClCompile Include="src\user\SlotMachine.cpp">
      <Filter>src\user\Slot</Filter>
    </ClCompile>
    <ClCompile Include="src\user\Reel.cpp">
      <Filter>src\user\Slot</Filter>
    </ClCompile>
    <ClCompile Include="src\user\Pattern.cpp">
      <Filter>src\user\Slot\Pattern</Filter>
    </ClCompile>
    <ClCompile Include="src\user\PatternManager.cpp">
      <Filter>src\user\Slot</Filter>
    </ClCompile>
    <ClCompile Include="src\user\CoinObjectManager.cpp">
      <Filter>src\user\Coin</Filter>
    </ClCompile>
    <ClCompile Include="src\user\Coins.cpp">
      <Filter>src\user\Coin</Filter>
    </ClCompile>
    <ClCompile Include="src\user\GameObject.cpp">
      <Filter>src\user\GameObject</Filter>
    </ClCompile>
    <ClCompile Include="src\user\ObjectController.cpp">
      <Filter>src\user\GameObject</Filter>
    </ClCompile>
    <ClCompile Include="src\user\ObjectManager.cpp">
      <Filter>src\user\GameObject</Filter>
    </ClCompile>
    <ClCompile Include="src\user\TimeScale.cpp">
      <Filter>src\user</Filter>
    </ClCompile>
    <ClCompile Include="src\user\ReturnCoinEmitter.cpp">
      <Filter>src\user\Coin</Filter>
    </ClCompile>
    <ClCompile Include="src\engine\CollisionManager.cpp">
      <Filter>src\engine\ユーザー向け\Collision</Filter>
    </ClCompile>
    <ClCompile Include="src\engine\CollisionCallBack.cpp">
      <Filter>src\engine\ユーザー向け\Collision</Filter>
    </ClCompile>
    <ClCompile Include="src\engine\ColliderParentObject.cpp">
      <Filter>src\engine\ユーザー向け\Collision</Filter>
    </ClCompile>
    <ClCompile Include="src\user\EnemyKillCoinEffect.cpp">
      <Filter>src\user\GameObject</Filter>
    </ClCompile>
    <ClCompile Include="src\user\StageMgr.cpp">
      <Filter>src\user\Stage</Filter>
    </ClCompile>
    <ClCompile Include="src\user\Block.cpp">
      <Filter>src\user\Stage</Filter>
    </ClCompile>
    <ClCompile Include="src\user\ConstParameters.cpp">
      <Filter>src\user\Game</Filter>
    </ClCompile>
    <ClCompile Include="lib\imgui\imgui_spectrum.cpp">
      <Filter>imgui</Filter>
    </ClCompile>
    <ClCompile Include="src\user\TexHitEffect.cpp">
      <Filter>src\user</Filter>
    </ClCompile>
    <ClCompile Include="src\user\GameManager.cpp">
      <Filter>src\user\Game</Filter>
    </ClCompile>
    <ClCompile Include="src\user\OutGameScene.cpp">
      <Filter>src\user\Scene</Filter>
    </ClCompile>
    <ClCompile Include="src\engine\Common\PerlinNoise.cpp">
      <Filter>src\engine\Common</Filter>
    </ClCompile>
    <ClCompile Include="src\user\TitleCamera.cpp">
      <Filter>src\user\Title</Filter>
    </ClCompile>
    <ClCompile Include="src\user\HandShake.cpp">
      <Filter>src\user\Game</Filter>
    </ClCompile>
    <ClCompile Include="src\user\TitleUI.cpp">
      <Filter>src\user\Title</Filter>
    </ClCompile>
    <ClCompile Include="src\user\RandBox2D.cpp">
      <Filter>src\user</Filter>
    </ClCompile>
    <ClCompile Include="src\user\YoYo.cpp">
      <Filter>src\user\Player</Filter>
    </ClCompile>
    <ClCompile Include="src\user\Scaffold.cpp">
      <Filter>src\user\Stage</Filter>
    </ClCompile>
    <ClCompile Include="src\user\EnemyEmitter.cpp">
      <Filter>src\user\Enemy</Filter>
    </ClCompile>
    <ClCompile Include="src\user\PlayersCallBack.cpp">
      <Filter>src\user\Player</Filter>
    </ClCompile>
    <ClCompile Include="src\user\BasicDrawParameters.cpp">
      <Filter>src\user</Filter>
    </ClCompile>
    <ClCompile Include="src\user\PlayerHp.cpp">
      <Filter>src\user\Player</Filter>
    </ClCompile>
  </ItemGroup>
  <ItemGroup>
    <ClInclude Include="src\engine\D3D12App.h">
      <Filter>src\engine\DirectX12</Filter>
    </ClInclude>
    <ClInclude Include="src\engine\D3D12Data.h">
      <Filter>src\engine\DirectX12</Filter>
    </ClInclude>
    <ClInclude Include="src\engine\DescriptorHeap.h">
      <Filter>src\engine\DirectX12</Filter>
    </ClInclude>
    <ClInclude Include="src\engine\Swapchain.h">
      <Filter>src\engine\DirectX12</Filter>
    </ClInclude>
    <ClInclude Include="src\engine\GraphicsManager.h">
      <Filter>src\engine\レンダリング関連</Filter>
    </ClInclude>
    <ClInclude Include="src\engine\Light.h">
      <Filter>src\engine\レンダリング関連\レンダーオブジェクト</Filter>
    </ClInclude>
    <ClInclude Include="src\engine\LightManager.h">
      <Filter>src\engine\レンダリング関連\レンダーオブジェクト</Filter>
    </ClInclude>
    <ClInclude Include="src\engine\Mesh.h">
      <Filter>src\engine\レンダリング関連\レンダーオブジェクト</Filter>
    </ClInclude>
    <ClInclude Include="src\engine\SpriteMesh.h">
      <Filter>src\engine\レンダリング関連\レンダーオブジェクト</Filter>
    </ClInclude>
    <ClInclude Include="src\engine\AudioApp.h">
      <Filter>src\engine\フレームワーク</Filter>
    </ClInclude>
    <ClInclude Include="src\engine\Fps.h">
      <Filter>src\engine\フレームワーク</Filter>
    </ClInclude>
    <ClInclude Include="src\engine\ImguiApp.h">
      <Filter>src\engine\フレームワーク</Filter>
    </ClInclude>
    <ClInclude Include="src\engine\UsersInput.h">
      <Filter>src\engine\フレームワーク</Filter>
    </ClInclude>
    <ClInclude Include="src\engine\WinApp.h">
      <Filter>src\engine\フレームワーク</Filter>
    </ClInclude>
    <ClInclude Include="src\engine\KuroEngine.h">
      <Filter>src\engine</Filter>
    </ClInclude>
    <ClInclude Include="src\engine\GaussianBlur.h">
      <Filter>src\engine\ユーザー向け\ポストエフェクト</Filter>
    </ClInclude>
    <ClInclude Include="src\engine\Sprite.h">
      <Filter>src\engine\ユーザー向け\オブジェクト</Filter>
    </ClInclude>
    <ClInclude Include="src\engine\Sprite_Shadow.h">
      <Filter>src\engine\ユーザー向け\オブジェクト</Filter>
    </ClInclude>
    <ClInclude Include="lib\imgui\imconfig.h">
      <Filter>imgui</Filter>
    </ClInclude>
    <ClInclude Include="lib\imgui\imgui.h">
      <Filter>imgui</Filter>
    </ClInclude>
    <ClInclude Include="lib\imgui\imgui_impl_dx12.h">
      <Filter>imgui</Filter>
    </ClInclude>
    <ClInclude Include="lib\imgui\imgui_impl_win32.h">
      <Filter>imgui</Filter>
    </ClInclude>
    <ClInclude Include="lib\imgui\imgui_internal.h">
      <Filter>imgui</Filter>
    </ClInclude>
    <ClInclude Include="lib\imgui\imstb_rectpack.h">
      <Filter>imgui</Filter>
    </ClInclude>
    <ClInclude Include="lib\imgui\imstb_textedit.h">
      <Filter>imgui</Filter>
    </ClInclude>
    <ClInclude Include="lib\imgui\imstb_truetype.h">
      <Filter>imgui</Filter>
    </ClInclude>
    <ClInclude Include="src\engine\Common\Angle.h">
      <Filter>src\engine\Common</Filter>
    </ClInclude>
    <ClInclude Include="src\engine\Common\Color.h">
      <Filter>src\engine\Common</Filter>
    </ClInclude>
    <ClInclude Include="src\engine\Common\Command.h">
      <Filter>src\engine\Common</Filter>
    </ClInclude>
    <ClInclude Include="src\engine\Common\KuroFunc.h">
      <Filter>src\engine\Common</Filter>
    </ClInclude>
    <ClInclude Include="src\engine\Common\KuroMath.h">
      <Filter>src\engine\Common</Filter>
    </ClInclude>
    <ClInclude Include="src\engine\Common\Observer.h">
      <Filter>src\engine\Common</Filter>
    </ClInclude>
    <ClInclude Include="src\engine\Common\Primitive.h">
      <Filter>src\engine\Common</Filter>
    </ClInclude>
    <ClInclude Include="src\engine\Common\Singleton.h">
      <Filter>src\engine\Common</Filter>
    </ClInclude>
    <ClInclude Include="src\engine\Common\Subject.h">
      <Filter>src\engine\Common</Filter>
    </ClInclude>
    <ClInclude Include="src\engine\Common\Transform.h">
      <Filter>src\engine\Common</Filter>
    </ClInclude>
    <ClInclude Include="src\engine\Common\Transform2D.h">
      <Filter>src\engine\Common</Filter>
    </ClInclude>
    <ClInclude Include="src\engine\Common\Vec.h">
      <Filter>src\engine\Common</Filter>
    </ClInclude>
    <ClInclude Include="src\engine\Model.h">
      <Filter>src\engine\ユーザー向け\オブジェクト</Filter>
    </ClInclude>
    <ClInclude Include="src\engine\Importer.h">
      <Filter>src\engine\フレームワーク</Filter>
    </ClInclude>
    <ClInclude Include="src\engine\Material.h">
      <Filter>src\engine\レンダリング関連\レンダーオブジェクト\モデル情報</Filter>
    </ClInclude>
    <ClInclude Include="src\engine\Skeleton.h">
      <Filter>src\engine\レンダリング関連\レンダーオブジェクト\モデル情報</Filter>
    </ClInclude>
    <ClInclude Include="src\engine\ImportHeader.h">
      <Filter>src\engine\フレームワーク\情報コンテナ</Filter>
    </ClInclude>
    <ClInclude Include="src\engine\ModelMesh.h">
      <Filter>src\engine\レンダリング関連\レンダーオブジェクト\モデル情報</Filter>
    </ClInclude>
    <ClInclude Include="src\engine\DrawFunc2D_Color.h">
      <Filter>src\engine\ユーザー向け\描画便利関数\2D</Filter>
    </ClInclude>
    <ClInclude Include="src\engine\DrawFunc2D.h">
      <Filter>src\engine\ユーザー向け\描画便利関数\2D</Filter>
    </ClInclude>
    <ClInclude Include="src\engine\DrawFunc2D_FillTex.h">
      <Filter>src\engine\ユーザー向け\描画便利関数\2D</Filter>
    </ClInclude>
    <ClInclude Include="src\engine\DrawFunc2D_Mask.h">
      <Filter>src\engine\ユーザー向け\描画便利関数\2D</Filter>
    </ClInclude>
    <ClInclude Include="src\engine\DrawFunc2D_Shadow.h">
      <Filter>src\engine\ユーザー向け\描画便利関数\2D</Filter>
    </ClInclude>
    <ClInclude Include="src\engine\DrawFunc3D.h">
      <Filter>src\engine\ユーザー向け\描画便利関数\3D</Filter>
    </ClInclude>
    <ClInclude Include="src\engine\Camera.h">
      <Filter>src\engine\レンダリング関連\レンダーオブジェクト</Filter>
    </ClInclude>
    <ClInclude Include="src\engine\DebugCamera.h">
      <Filter>src\engine\ユーザー向け</Filter>
    </ClInclude>
    <ClInclude Include="src\engine\Animation.h">
      <Filter>src\engine\レンダリング関連\レンダーオブジェクト</Filter>
    </ClInclude>
    <ClInclude Include="src\engine\StreamReader.h">
      <Filter>src\engine\フレームワーク</Filter>
    </ClInclude>
    <ClInclude Include="src\engine\Object.h">
      <Filter>src\engine\ユーザー向け</Filter>
    </ClInclude>
    <ClInclude Include="src\engine\CubeMap.h">
      <Filter>src\engine\レンダリング関連</Filter>
    </ClInclude>
    <ClInclude Include="src\engine\ShadowMapDevice.h">
      <Filter>src\engine\レンダリング関連</Filter>
    </ClInclude>
    <ClInclude Include="src\engine\ModelAnimator.h">
      <Filter>src\engine\レンダリング関連\レンダーオブジェクト\モデル情報</Filter>
    </ClInclude>
    <ClInclude Include="src\engine\Collider.h">
      <Filter>src\engine\ユーザー向け\Collision</Filter>
    </ClInclude>
    <ClInclude Include="src\engine\Collision.h">
      <Filter>src\engine\ユーザー向け\Collision</Filter>
    </ClInclude>
    <ClInclude Include="src\engine\Common\ValueMinMax.h">
      <Filter>src\engine\Common</Filter>
    </ClInclude>
    <ClInclude Include="src\engine\ImguiDebugInterface.h">
      <Filter>src\engine\ユーザー向け</Filter>
    </ClInclude>
    <ClInclude Include="src\engine\LightBloomDevice.h">
      <Filter>src\engine\レンダリング関連</Filter>
    </ClInclude>
    <ClInclude Include="src\user\BasicDraw.h">
      <Filter>src\user</Filter>
    </ClInclude>
    <ClInclude Include="src\engine\DOF.h">
      <Filter>src\engine\レンダリング関連</Filter>
    </ClInclude>
    <ClInclude Include="src\engine\DrawFuncBillBoard.h">
      <Filter>src\engine\ユーザー向け\描画便利関数\BillBoard</Filter>
    </ClInclude>
    <ClInclude Include="lib\magic_enum\magic_enum.h">
      <Filter>magic_enum</Filter>
    </ClInclude>
    <ClInclude Include="lib\dxcompiler\inc\d3d12shader.h">
      <Filter>dxcompiler</Filter>
    </ClInclude>
    <ClInclude Include="lib\dxcompiler\inc\dxcapi.h">
      <Filter>dxcompiler</Filter>
    </ClInclude>
    <ClInclude Include="src\user\Player.h">
      <Filter>src\user\Player</Filter>
    </ClInclude>
    <ClInclude Include="src\user\RenderTargetManager.h">
      <Filter>src\user</Filter>
    </ClInclude>
    <ClInclude Include="src\user\InGameScene.h">
      <Filter>src\user\Scene</Filter>
    </ClInclude>
    <ClInclude Include="src\user\TitleScene.h">
      <Filter>src\user\Scene</Filter>
    </ClInclude>
    <ClInclude Include="src\user\GameCamera.h">
      <Filter>src\user\Game</Filter>
    </ClInclude>
    <ClInclude Include="src\user\ConstParameters.h">
      <Filter>src\user\Game</Filter>
    </ClInclude>
    <ClInclude Include="src\user\SlotMachine.h">
      <Filter>src\user\Slot</Filter>
    </ClInclude>
    <ClInclude Include="src\user\Reel.h">
      <Filter>src\user\Slot</Filter>
    </ClInclude>
    <ClInclude Include="src\engine\Timer.h">
      <Filter>src\engine\ユーザー向け</Filter>
    </ClInclude>
    <ClInclude Include="src\user\Pattern.h">
      <Filter>src\user\Slot\Pattern</Filter>
    </ClInclude>
    <ClInclude Include="src\user\PatternManager.h">
      <Filter>src\user\Slot</Filter>
    </ClInclude>
    <ClInclude Include="src\user\CoinVault.h">
      <Filter>src\user\Coin</Filter>
    </ClInclude>
    <ClInclude Include="src\user\CoinObjectManager.h">
      <Filter>src\user\Coin</Filter>
    </ClInclude>
    <ClInclude Include="src\user\CoinPerform.h">
      <Filter>src\user\Coin</Filter>
    </ClInclude>
    <ClInclude Include="src\user\Coins.h">
      <Filter>src\user\Coin</Filter>
    </ClInclude>
    <ClInclude Include="src\user\GameObject.h">
      <Filter>src\user\GameObject</Filter>
    </ClInclude>
    <ClInclude Include="src\user\ObjectController.h">
      <Filter>src\user\GameObject</Filter>
    </ClInclude>
    <ClInclude Include="src\user\ObjectBreed.h">
      <Filter>src\user\GameObject</Filter>
    </ClInclude>
    <ClInclude Include="src\user\ObjectManager.h">
      <Filter>src\user\GameObject</Filter>
    </ClInclude>
    <ClInclude Include="src\user\TimeScale.h">
      <Filter>src\user</Filter>
    </ClInclude>
    <ClInclude Include="src\user\ReturnCoinEmitter.h">
      <Filter>src\user\Coin</Filter>
    </ClInclude>
    <ClInclude Include="src\engine\CollisionManager.h">
      <Filter>src\engine\ユーザー向け\Collision</Filter>
    </ClInclude>
    <ClInclude Include="src\engine\CollisionCallBack.h">
      <Filter>src\engine\ユーザー向け\Collision</Filter>
    </ClInclude>
    <ClInclude Include="src\engine\ColliderParentObject.h">
      <Filter>src\engine\ユーザー向け\Collision</Filter>
    </ClInclude>
    <ClInclude Include="src\user\EnemyKillCoinEffect.h">
      <Filter>src\user\GameObject</Filter>
    </ClInclude>
    <ClInclude Include="src\user\StageMgr.h">
      <Filter>src\user\Stage</Filter>
    </ClInclude>
    <ClInclude Include="src\user\Block.h">
      <Filter>src\user\Stage</Filter>
    </ClInclude>
    <ClInclude Include="lib\imgui\imgui_spectrum.h">
      <Filter>imgui</Filter>
    </ClInclude>
    <ClInclude Include="src\user\TexHitEffect.h">
      <Filter>src\user</Filter>
    </ClInclude>
    <ClInclude Include="src\user\GameManager.h">
      <Filter>src\user\Game</Filter>
    </ClInclude>
    <ClInclude Include="src\user\OutGameScene.h">
      <Filter>src\user\Scene</Filter>
    </ClInclude>
    <ClInclude Include="src\engine\Common\PerlinNoise.h">
      <Filter>src\engine\Common</Filter>
    </ClInclude>
    <ClInclude Include="src\user\TitleCamera.h">
      <Filter>src\user\Title</Filter>
    </ClInclude>
    <ClInclude Include="src\user\HandShake.h">
      <Filter>src\user\Game</Filter>
    </ClInclude>
    <ClInclude Include="src\user\TitleUI.h">
      <Filter>src\user\Title</Filter>
    </ClInclude>
    <ClInclude Include="src\user\RandBox2D.h">
      <Filter>src\user</Filter>
    </ClInclude>
    <ClInclude Include="src\user\YoYo.h">
      <Filter>src\user\Player</Filter>
    </ClInclude>
    <ClInclude Include="src\user\Scaffold.h">
      <Filter>src\user\Stage</Filter>
    </ClInclude>
    <ClInclude Include="src\user\EnemyEmitter.h">
      <Filter>src\user\Enemy</Filter>
    </ClInclude>
    <ClInclude Include="src\user\PlayersCallBack.h">
      <Filter>src\user\Player</Filter>
    </ClInclude>
    <ClInclude Include="src\user\BasicDrawParameters.h">
      <Filter>src\user</Filter>
    </ClInclude>
    <ClInclude Include="src\user\PlayerHp.h">
      <Filter>src\user\Player</Filter>
    </ClInclude>
  </ItemGroup>
</Project>