
Microsoft Visual Studio Solution File, Format Version 12.00
# Visual Studio Version 17
VisualStudioVersion = 17.3.32811.315
MinimumVisualStudioVersion = 10.0.40219.1
Project("{8BC9CEB8-8B4A-11D0-8D11-00A0C91BC942}") = "DirectXTex", "lib\DirectXTex\DirectXTex_Desktop_2019_Win10.vcxproj", "{371B9FA9-4C90-4AC6-A123-ACED756D6C77}"
EndProject
Project("{8BC9CEB8-8B4A-11D0-8D11-00A0C91BC942}") = "GLTFSDK", "lib\glTF-SDK-master\GLTFSDK\GLTFSDK.vcxproj", "{F656C078-7F2A-4753-9B92-5E959AF80E26}"
EndProject
Project("{8BC9CEB8-8B4A-11D0-8D11-00A0C91BC942}") = "V.I.P.SLOT", "V.I.P.SLOT.vcxproj", "{946500D3-23DE-4008-8BB9-E39A9D7397D7}"
EndProject
Global
	GlobalSection(SolutionConfigurationPlatforms) = preSolution
		Debug|x64 = Debug|x64
		Release|x64 = Release|x64
	EndGlobalSection
	GlobalSection(ProjectConfigurationPlatforms) = postSolution
		{371B9FA9-4C90-4AC6-A123-ACED756D6C77}.Debug|x64.ActiveCfg = Debug|x64
		{371B9FA9-4C90-4AC6-A123-ACED756D6C77}.Debug|x64.Build.0 = Debug|x64
		{371B9FA9-4C90-4AC6-A123-ACED756D6C77}.Release|x64.ActiveCfg = Release|x64
		{371B9FA9-4C90-4AC6-A123-ACED756D6C77}.Release|x64.Build.0 = Release|x64
		{F656C078-7F2A-4753-9B92-5E959AF80E26}.Debug|x64.ActiveCfg = Debug|x64
		{F656C078-7F2A-4753-9B92-5E959AF80E26}.Debug|x64.Build.0 = Debug|x64
		{F656C078-7F2A-4753-9B92-5E959AF80E26}.Release|x64.ActiveCfg = Release|x64
		{F656C078-7F2A-4753-9B92-5E959AF80E26}.Release|x64.Build.0 = Release|x64
		{946500D3-23DE-4008-8BB9-E39A9D7397D7}.Debug|x64.ActiveCfg = Debug|x64
		{946500D3-23DE-4008-8BB9-E39A9D7397D7}.Debug|x64.Build.0 = Debug|x64
		{946500D3-23DE-4008-8BB9-E39A9D7397D7}.Release|x64.ActiveCfg = Release|x64
		{946500D3-23DE-4008-8BB9-E39A9D7397D7}.Release|x64.Build.0 = Release|x64
	EndGlobalSection
	GlobalSection(SolutionProperties) = preSolution
		HideSolutionNode = FALSE
	EndGlobalSection
	GlobalSection(ExtensibilityGlobals) = postSolution
		SolutionGuid = {2BDF7619-2691-4C70-BC81-D19821D3FE38}
	EndGlobalSection
	GlobalSection(SharedMSBuildProjectFiles) = preSolution
		lib\glTF-SDK-master\GLTFSDK.Shared.CPP\GLTFSDK.Shared.CPP.vcxitems*{f656c078-7f2a-4753-9b92-5e959af80e26}*SharedItemsImports = 4
	EndGlobalSection
EndGlobal
